
Microsoft Visual Studio Solution File, Format Version 12.00
# Visual Studio 14
VisualStudioVersion = 14.0.23107.0
MinimumVisualStudioVersion = 10.0.40219.1
Project("{FAE04EC0-301F-11D3-BF4B-00C04F79EFBC}") = "Chapter3", "Chapter 3\Chapter3.csproj", "{805A935E-8B88-4D53-976A-6101CB23FD87}"
EndProject
Project("{FAE04EC0-301F-11D3-BF4B-00C04F79EFBC}") = "Chapter4", "Chapter4\Chapter4.csproj", "{B2C2C9E4-C2AD-4451-9472-F3D9BAB3C88C}"
EndProject
Project("{FAE04EC0-301F-11D3-BF4B-00C04F79EFBC}") = "Chapter5", "Chapter5\Chapter5.csproj", "{960E4A1F-8BBD-4CC0-AE48-5C6BE46AB9E7}"
EndProject
Project("{FAE04EC0-301F-11D3-BF4B-00C04F79EFBC}") = "Chapter6", "Chapter6\Chapter6.csproj", "{B16FC956-04B8-48E3-A7AF-0CA559DB74C6}"
EndProject
Project("{FAE04EC0-301F-11D3-BF4B-00C04F79EFBC}") = "Chapter7", "Chapter7\Chapter7.csproj", "{001053E8-BEB3-4AF7-90E0-77FA4671C605}"
EndProject
Project("{FAE04EC0-301F-11D3-BF4B-00C04F79EFBC}") = "Chapter8", "Chapter8\Chapter8.csproj", "{402E62B3-970C-4890-8620-E97C8A7DE409}"
EndProject
Project("{FAE04EC0-301F-11D3-BF4B-00C04F79EFBC}") = "Chapter9", "Chapter9\Chapter9.csproj", "{3E2AAB71-3ADA-4AFE-BB0D-F21582906BB5}"
EndProject
Project("{FAE04EC0-301F-11D3-BF4B-00C04F79EFBC}") = "Vehicle", "Vehicle\Vehicle.csproj", "{EAF2200E-EFC2-4C45-ACAD-42BD5E37E145}"
EndProject
Project("{FAE04EC0-301F-11D3-BF4B-00C04F79EFBC}") = "Chapter10", "Chapter10\Chapter10.csproj", "{430547B2-38F5-401B-ACF6-858CBB5194E3}"
EndProject
Project("{FAE04EC0-301F-11D3-BF4B-00C04F79EFBC}") = "CardLibrary", "CardLibrary\CardLibrary.csproj", "{CAB49A92-5298-4A11-948E-C0ED882712FA}"
EndProject
Project("{FAE04EC0-301F-11D3-BF4B-00C04F79EFBC}") = "Chapter11", "Chapter11\Chapter11.csproj", "{B4A6C2E7-D1FF-42B9-9B08-016634126C5C}"
EndProject
Project("{FAE04EC0-301F-11D3-BF4B-00C04F79EFBC}") = "Chapter12", "Chapter12\Chapter12.csproj", "{FE15AE96-03BB-410B-801E-E8DE3CFBEE72}"
EndProject
Project("{FAE04EC0-301F-11D3-BF4B-00C04F79EFBC}") = "Chapter13", "Chapter13\Chapter13.csproj", "{11D69E72-441F-49EF-BCF8-FAEC63DFA197}"
EndProject
Project("{FAE04EC0-301F-11D3-BF4B-00C04F79EFBC}") = "CardLibConsole", "CardLibConsole\CardLibConsole.csproj", "{50EBF586-C981-4CFC-B6FD-CB88FBA01387}"
EndProject
Global
	GlobalSection(SolutionConfigurationPlatforms) = preSolution
		Debug|Any CPU = Debug|Any CPU
		Release|Any CPU = Release|Any CPU
	EndGlobalSection
	GlobalSection(ProjectConfigurationPlatforms) = postSolution
		{805A935E-8B88-4D53-976A-6101CB23FD87}.Debug|Any CPU.ActiveCfg = Debug|Any CPU
		{805A935E-8B88-4D53-976A-6101CB23FD87}.Debug|Any CPU.Build.0 = Debug|Any CPU
		{805A935E-8B88-4D53-976A-6101CB23FD87}.Release|Any CPU.ActiveCfg = Release|Any CPU
		{805A935E-8B88-4D53-976A-6101CB23FD87}.Release|Any CPU.Build.0 = Release|Any CPU
		{B2C2C9E4-C2AD-4451-9472-F3D9BAB3C88C}.Debug|Any CPU.ActiveCfg = Debug|Any CPU
		{B2C2C9E4-C2AD-4451-9472-F3D9BAB3C88C}.Debug|Any CPU.Build.0 = Debug|Any CPU
		{B2C2C9E4-C2AD-4451-9472-F3D9BAB3C88C}.Release|Any CPU.ActiveCfg = Release|Any CPU
		{B2C2C9E4-C2AD-4451-9472-F3D9BAB3C88C}.Release|Any CPU.Build.0 = Release|Any CPU
		{960E4A1F-8BBD-4CC0-AE48-5C6BE46AB9E7}.Debug|Any CPU.ActiveCfg = Debug|Any CPU
		{960E4A1F-8BBD-4CC0-AE48-5C6BE46AB9E7}.Debug|Any CPU.Build.0 = Debug|Any CPU
		{960E4A1F-8BBD-4CC0-AE48-5C6BE46AB9E7}.Release|Any CPU.ActiveCfg = Release|Any CPU
		{960E4A1F-8BBD-4CC0-AE48-5C6BE46AB9E7}.Release|Any CPU.Build.0 = Release|Any CPU
		{B16FC956-04B8-48E3-A7AF-0CA559DB74C6}.Debug|Any CPU.ActiveCfg = Debug|Any CPU
		{B16FC956-04B8-48E3-A7AF-0CA559DB74C6}.Debug|Any CPU.Build.0 = Debug|Any CPU
		{B16FC956-04B8-48E3-A7AF-0CA559DB74C6}.Release|Any CPU.ActiveCfg = Release|Any CPU
		{B16FC956-04B8-48E3-A7AF-0CA559DB74C6}.Release|Any CPU.Build.0 = Release|Any CPU
		{001053E8-BEB3-4AF7-90E0-77FA4671C605}.Debug|Any CPU.ActiveCfg = Debug|Any CPU
		{001053E8-BEB3-4AF7-90E0-77FA4671C605}.Debug|Any CPU.Build.0 = Debug|Any CPU
		{001053E8-BEB3-4AF7-90E0-77FA4671C605}.Release|Any CPU.ActiveCfg = Release|Any CPU
		{001053E8-BEB3-4AF7-90E0-77FA4671C605}.Release|Any CPU.Build.0 = Release|Any CPU
		{402E62B3-970C-4890-8620-E97C8A7DE409}.Debug|Any CPU.ActiveCfg = Debug|Any CPU
		{402E62B3-970C-4890-8620-E97C8A7DE409}.Debug|Any CPU.Build.0 = Debug|Any CPU
		{402E62B3-970C-4890-8620-E97C8A7DE409}.Release|Any CPU.ActiveCfg = Release|Any CPU
		{402E62B3-970C-4890-8620-E97C8A7DE409}.Release|Any CPU.Build.0 = Release|Any CPU
		{3E2AAB71-3ADA-4AFE-BB0D-F21582906BB5}.Debug|Any CPU.ActiveCfg = Debug|Any CPU
		{3E2AAB71-3ADA-4AFE-BB0D-F21582906BB5}.Debug|Any CPU.Build.0 = Debug|Any CPU
		{3E2AAB71-3ADA-4AFE-BB0D-F21582906BB5}.Release|Any CPU.ActiveCfg = Release|Any CPU
		{3E2AAB71-3ADA-4AFE-BB0D-F21582906BB5}.Release|Any CPU.Build.0 = Release|Any CPU
		{EAF2200E-EFC2-4C45-ACAD-42BD5E37E145}.Debug|Any CPU.ActiveCfg = Debug|Any CPU
		{EAF2200E-EFC2-4C45-ACAD-42BD5E37E145}.Debug|Any CPU.Build.0 = Debug|Any CPU
		{EAF2200E-EFC2-4C45-ACAD-42BD5E37E145}.Release|Any CPU.ActiveCfg = Release|Any CPU
		{EAF2200E-EFC2-4C45-ACAD-42BD5E37E145}.Release|Any CPU.Build.0 = Release|Any CPU
		{430547B2-38F5-401B-ACF6-858CBB5194E3}.Debug|Any CPU.ActiveCfg = Debug|Any CPU
		{430547B2-38F5-401B-ACF6-858CBB5194E3}.Debug|Any CPU.Build.0 = Debug|Any CPU
		{430547B2-38F5-401B-ACF6-858CBB5194E3}.Release|Any CPU.ActiveCfg = Release|Any CPU
		{430547B2-38F5-401B-ACF6-858CBB5194E3}.Release|Any CPU.Build.0 = Release|Any CPU
		{CAB49A92-5298-4A11-948E-C0ED882712FA}.Debug|Any CPU.ActiveCfg = Debug|Any CPU
		{CAB49A92-5298-4A11-948E-C0ED882712FA}.Debug|Any CPU.Build.0 = Debug|Any CPU
		{CAB49A92-5298-4A11-948E-C0ED882712FA}.Release|Any CPU.ActiveCfg = Release|Any CPU
		{CAB49A92-5298-4A11-948E-C0ED882712FA}.Release|Any CPU.Build.0 = Release|Any CPU
		{B4A6C2E7-D1FF-42B9-9B08-016634126C5C}.Debug|Any CPU.ActiveCfg = Debug|Any CPU
		{B4A6C2E7-D1FF-42B9-9B08-016634126C5C}.Debug|Any CPU.Build.0 = Debug|Any CPU
		{B4A6C2E7-D1FF-42B9-9B08-016634126C5C}.Release|Any CPU.ActiveCfg = Release|Any CPU
		{B4A6C2E7-D1FF-42B9-9B08-016634126C5C}.Release|Any CPU.Build.0 = Release|Any CPU
		{FE15AE96-03BB-410B-801E-E8DE3CFBEE72}.Debug|Any CPU.ActiveCfg = Debug|Any CPU
		{FE15AE96-03BB-410B-801E-E8DE3CFBEE72}.Debug|Any CPU.Build.0 = Debug|Any CPU
		{FE15AE96-03BB-410B-801E-E8DE3CFBEE72}.Release|Any CPU.ActiveCfg = Release|Any CPU
		{FE15AE96-03BB-410B-801E-E8DE3CFBEE72}.Release|Any CPU.Build.0 = Release|Any CPU
		{11D69E72-441F-49EF-BCF8-FAEC63DFA197}.Debug|Any CPU.ActiveCfg = Debug|Any CPU
		{11D69E72-441F-49EF-BCF8-FAEC63DFA197}.Debug|Any CPU.Build.0 = Debug|Any CPU
		{11D69E72-441F-49EF-BCF8-FAEC63DFA197}.Release|Any CPU.ActiveCfg = Release|Any CPU
		{11D69E72-441F-49EF-BCF8-FAEC63DFA197}.Release|Any CPU.Build.0 = Release|Any CPU
		{50EBF586-C981-4CFC-B6FD-CB88FBA01387}.Debug|Any CPU.ActiveCfg = Debug|Any CPU
		{50EBF586-C981-4CFC-B6FD-CB88FBA01387}.Debug|Any CPU.Build.0 = Debug|Any CPU
		{50EBF586-C981-4CFC-B6FD-CB88FBA01387}.Release|Any CPU.ActiveCfg = Release|Any CPU
		{50EBF586-C981-4CFC-B6FD-CB88FBA01387}.Release|Any CPU.Build.0 = Release|Any CPU
	EndGlobalSection
	GlobalSection(SolutionProperties) = preSolution
		HideSolutionNode = FALSE
	EndGlobalSection
EndGlobal
